
Microsoft Visual Studio Solution File, Format Version 12.00
# Visual Studio Version 17
VisualStudioVersion = 17.0.31903.59
MinimumVisualStudioVersion = 10.0.40219.1
Project("{2150E333-8FDC-42A3-9474-1A3956D46DE8}") = "Projects", "Projects", "{10E7EEA7-81AF-48DF-AF8B-21EB72E87CA6}"
EndProject
Project("{FAE04EC0-301F-11D3-BF4B-00C04F79EFBC}") = "Ornit.Backend", "Projects\Ornit.Backend\Ornit.Backend.csproj", "{AB897D2C-027E-43E9-8661-B5857CAD988F}"
EndProject
Global
	GlobalSection(SolutionConfigurationPlatforms) = preSolution
		Debug|Any CPU = Debug|Any CPU
		Release|Any CPU = Release|Any CPU
	EndGlobalSection
	GlobalSection(SolutionProperties) = preSolution
		HideSolutionNode = FALSE
	EndGlobalSection
	GlobalSection(ProjectConfigurationPlatforms) = postSolution
		{AB897D2C-027E-43E9-8661-B5857CAD988F}.Debug|Any CPU.ActiveCfg = Debug|Any CPU
		{AB897D2C-027E-43E9-8661-B5857CAD988F}.Debug|Any CPU.Build.0 = Debug|Any CPU
		{AB897D2C-027E-43E9-8661-B5857CAD988F}.Release|Any CPU.ActiveCfg = Release|Any CPU
		{AB897D2C-027E-43E9-8661-B5857CAD988F}.Release|Any CPU.Build.0 = Release|Any CPU
	EndGlobalSection
	GlobalSection(NestedProjects) = preSolution
		{AB897D2C-027E-43E9-8661-B5857CAD988F} = {10E7EEA7-81AF-48DF-AF8B-21EB72E87CA6}
	EndGlobalSection
EndGlobal
